
Microsoft Visual Studio Solution File, Format Version 12.00
# Visual Studio Version 16
VisualStudioVersion = 16.0.30011.22
MinimumVisualStudioVersion = 10.0.40219.1
Project("{FAE04EC0-301F-11D3-BF4B-00C04F79EFBC}") = "QuanLyCapNuoc", "QuanLyCapNuoc\QuanLyCapNuoc.csproj", "{A697502B-9B5E-4F0C-A732-3455B249AA08}"
EndProject
Project("{FAE04EC0-301F-11D3-BF4B-00C04F79EFBC}") = "Model", "Model\Model.csproj", "{BF6F8095-C132-464C-A387-F2533FC458FB}"
EndProject
Project("{FAE04EC0-301F-11D3-BF4B-00C04F79EFBC}") = "Common", "Common\Common.csproj", "{7CCB3CAA-6F8F-4716-ACFD-9C6FF9F7D4CB}"
EndProject
Global
	GlobalSection(SolutionConfigurationPlatforms) = preSolution
		Debug|Any CPU = Debug|Any CPU
		Release|Any CPU = Release|Any CPU
	EndGlobalSection
	GlobalSection(ProjectConfigurationPlatforms) = postSolution
		{A697502B-9B5E-4F0C-A732-3455B249AA08}.Debug|Any CPU.ActiveCfg = Debug|Any CPU
		{A697502B-9B5E-4F0C-A732-3455B249AA08}.Debug|Any CPU.Build.0 = Debug|Any CPU
		{A697502B-9B5E-4F0C-A732-3455B249AA08}.Release|Any CPU.ActiveCfg = Release|Any CPU
		{A697502B-9B5E-4F0C-A732-3455B249AA08}.Release|Any CPU.Build.0 = Release|Any CPU
		{BF6F8095-C132-464C-A387-F2533FC458FB}.Debug|Any CPU.ActiveCfg = Debug|Any CPU
		{BF6F8095-C132-464C-A387-F2533FC458FB}.Debug|Any CPU.Build.0 = Debug|Any CPU
		{BF6F8095-C132-464C-A387-F2533FC458FB}.Release|Any CPU.ActiveCfg = Release|Any CPU
		{BF6F8095-C132-464C-A387-F2533FC458FB}.Release|Any CPU.Build.0 = Release|Any CPU
		{7CCB3CAA-6F8F-4716-ACFD-9C6FF9F7D4CB}.Debug|Any CPU.ActiveCfg = Debug|Any CPU
		{7CCB3CAA-6F8F-4716-ACFD-9C6FF9F7D4CB}.Debug|Any CPU.Build.0 = Debug|Any CPU
		{7CCB3CAA-6F8F-4716-ACFD-9C6FF9F7D4CB}.Release|Any CPU.ActiveCfg = Release|Any CPU
		{7CCB3CAA-6F8F-4716-ACFD-9C6FF9F7D4CB}.Release|Any CPU.Build.0 = Release|Any CPU
	EndGlobalSection
	GlobalSection(SolutionProperties) = preSolution
		HideSolutionNode = FALSE
	EndGlobalSection
	GlobalSection(ExtensibilityGlobals) = postSolution
		SolutionGuid = {C1B8BEE4-BEF0-4E48-A91D-8388190ECBEE}
	EndGlobalSection
EndGlobal
